
Microsoft Visual Studio Solution File, Format Version 12.00
# Visual Studio Version 16
VisualStudioVersion = 16.0.31727.386
MinimumVisualStudioVersion = 10.0.40219.1
Project("{FAE04EC0-301F-11D3-BF4B-00C04F79EFBC}") = "DataAccess", "DataAccess\DataAccess.csproj", "{B4D082F4-13B6-4A0D-B6E8-62A1700FB717}"
EndProject
Project("{FAE04EC0-301F-11D3-BF4B-00C04F79EFBC}") = "Business", "Business\Business.csproj", "{88226E4C-4209-48D8-B006-0FD033619167}"
EndProject
Project("{FAE04EC0-301F-11D3-BF4B-00C04F79EFBC}") = "Entities", "Entities\Entities.csproj", "{18243FF2-95CF-48B8-928D-E4D89A64CEB0}"
EndProject
Project("{FAE04EC0-301F-11D3-BF4B-00C04F79EFBC}") = "ConsoleUI", "ConsoleUI\ConsoleUI.csproj", "{FD676C9E-2C0B-4B0D-B9E6-E88ED5DBA096}"
EndProject
Global
	GlobalSection(SolutionConfigurationPlatforms) = preSolution
		Debug|Any CPU = Debug|Any CPU
		Release|Any CPU = Release|Any CPU
	EndGlobalSection
	GlobalSection(ProjectConfigurationPlatforms) = postSolution
		{B4D082F4-13B6-4A0D-B6E8-62A1700FB717}.Debug|Any CPU.ActiveCfg = Debug|Any CPU
		{B4D082F4-13B6-4A0D-B6E8-62A1700FB717}.Debug|Any CPU.Build.0 = Debug|Any CPU
		{B4D082F4-13B6-4A0D-B6E8-62A1700FB717}.Release|Any CPU.ActiveCfg = Release|Any CPU
		{B4D082F4-13B6-4A0D-B6E8-62A1700FB717}.Release|Any CPU.Build.0 = Release|Any CPU
		{88226E4C-4209-48D8-B006-0FD033619167}.Debug|Any CPU.ActiveCfg = Debug|Any CPU
		{88226E4C-4209-48D8-B006-0FD033619167}.Debug|Any CPU.Build.0 = Debug|Any CPU
		{88226E4C-4209-48D8-B006-0FD033619167}.Release|Any CPU.ActiveCfg = Release|Any CPU
		{88226E4C-4209-48D8-B006-0FD033619167}.Release|Any CPU.Build.0 = Release|Any CPU
		{18243FF2-95CF-48B8-928D-E4D89A64CEB0}.Debug|Any CPU.ActiveCfg = Debug|Any CPU
		{18243FF2-95CF-48B8-928D-E4D89A64CEB0}.Debug|Any CPU.Build.0 = Debug|Any CPU
		{18243FF2-95CF-48B8-928D-E4D89A64CEB0}.Release|Any CPU.ActiveCfg = Release|Any CPU
		{18243FF2-95CF-48B8-928D-E4D89A64CEB0}.Release|Any CPU.Build.0 = Release|Any CPU
		{FD676C9E-2C0B-4B0D-B9E6-E88ED5DBA096}.Debug|Any CPU.ActiveCfg = Debug|Any CPU
		{FD676C9E-2C0B-4B0D-B9E6-E88ED5DBA096}.Debug|Any CPU.Build.0 = Debug|Any CPU
		{FD676C9E-2C0B-4B0D-B9E6-E88ED5DBA096}.Release|Any CPU.ActiveCfg = Release|Any CPU
		{FD676C9E-2C0B-4B0D-B9E6-E88ED5DBA096}.Release|Any CPU.Build.0 = Release|Any CPU
	EndGlobalSection
	GlobalSection(SolutionProperties) = preSolution
		HideSolutionNode = FALSE
	EndGlobalSection
	GlobalSection(ExtensibilityGlobals) = postSolution
		SolutionGuid = {F870DE6D-0535-462B-9AC0-92A994EF82E5}
	EndGlobalSection
EndGlobal
